// !$*UTF8*$!
{
	archiveVersion = 1;
	classes = {
	};
	objectVersion = 46;
	objects = {

/* Begin PBXBuildFile section */
		D27FD3411F42516200550606 /* AppDelegate.swift in Sources */ = {isa = PBXBuildFile; fileRef = D27FD3401F42516200550606 /* AppDelegate.swift */; };
		D27FD3431F42516200550606 /* ViewController.swift in Sources */ = {isa = PBXBuildFile; fileRef = D27FD3421F42516200550606 /* ViewController.swift */; };
		D27FD3461F42516200550606 /* Main.storyboard in Resources */ = {isa = PBXBuildFile; fileRef = D27FD3441F42516200550606 /* Main.storyboard */; };
		D27FD3481F42516300550606 /* Assets.xcassets in Resources */ = {isa = PBXBuildFile; fileRef = D27FD3471F42516300550606 /* Assets.xcassets */; };
		D27FD34B1F42516300550606 /* LaunchScreen.storyboard in Resources */ = {isa = PBXBuildFile; fileRef = D27FD3491F42516300550606 /* LaunchScreen.storyboard */; };
		D27FD3561F42516300550606 /* Catch_KennyTests.swift in Sources */ = {isa = PBXBuildFile; fileRef = D27FD3551F42516300550606 /* Catch_KennyTests.swift */; };
		D27FD3611F42516300550606 /* Catch_KennyUITests.swift in Sources */ = {isa = PBXBuildFile; fileRef = D27FD3601F42516300550606 /* Catch_KennyUITests.swift */; };
		D27FD3711F4253CF00550606 /* kenny.png in Resources */ = {isa = PBXBuildFile; fileRef = D27FD3701F4253CF00550606 /* kenny.png */; };
/* End PBXBuildFile section */

/* Begin PBXContainerItemProxy section */
		D27FD3521F42516300550606 /* PBXContainerItemProxy */ = {
			isa = PBXContainerItemProxy;
			containerPortal = D27FD3351F42516200550606 /* Project object */;
			proxyType = 1;
			remoteGlobalIDString = D27FD33C1F42516200550606;
			remoteInfo = "Catch Kenny";
		};
		D27FD35D1F42516300550606 /* PBXContainerItemProxy */ = {
			isa = PBXContainerItemProxy;
			containerPortal = D27FD3351F42516200550606 /* Project object */;
			proxyType = 1;
			remoteGlobalIDString = D27FD33C1F42516200550606;
			remoteInfo = "Catch Kenny";
		};
/* End PBXContainerItemProxy section */

/* Begin PBXFileReference section */
		D27FD33D1F42516200550606 /* Catch Kenny.app */ = {isa = PBXFileReference; explicitFileType = wrapper.application; includeInIndex = 0; path = "Catch Kenny.app"; sourceTree = BUILT_PRODUCTS_DIR; };
		D27FD3401F42516200550606 /* AppDelegate.swift */ = {isa = PBXFileReference; lastKnownFileType = sourcecode.swift; path = AppDelegate.swift; sourceTree = "<group>"; };
		D27FD3421F42516200550606 /* ViewController.swift */ = {isa = PBXFileReference; lastKnownFileType = sourcecode.swift; path = ViewController.swift; sourceTree = "<group>"; };
		D27FD3451F42516200550606 /* Base */ = {isa = PBXFileReference; lastKnownFileType = file.storyboard; name = Base; path = Base.lproj/Main.storyboard; sourceTree = "<group>"; };
		D27FD3471F42516300550606 /* Assets.xcassets */ = {isa = PBXFileReference; lastKnownFileType = folder.assetcatalog; path = Assets.xcassets; sourceTree = "<group>"; };
		D27FD34A1F42516300550606 /* Base */ = {isa = PBXFileReference; lastKnownFileType = file.storyboard; name = Base; path = Base.lproj/LaunchScreen.storyboard; sourceTree = "<group>"; };
		D27FD34C1F42516300550606 /* Info.plist */ = {isa = PBXFileReference; lastKnownFileType = text.plist.xml; path = Info.plist; sourceTree = "<group>"; };
		D27FD3511F42516300550606 /* Catch KennyTests.xctest */ = {isa = PBXFileReference; explicitFileType = wrapper.cfbundle; includeInIndex = 0; path = "Catch KennyTests.xctest"; sourceTree = BUILT_PRODUCTS_DIR; };
		D27FD3551F42516300550606 /* Catch_KennyTests.swift */ = {isa = PBXFileReference; lastKnownFileType = sourcecode.swift; path = Catch_KennyTests.swift; sourceTree = "<group>"; };
		D27FD3571F42516300550606 /* Info.plist */ = {isa = PBXFileReference; lastKnownFileType = text.plist.xml; path = Info.plist; sourceTree = "<group>"; };
		D27FD35C1F42516300550606 /* Catch KennyUITests.xctest */ = {isa = PBXFileReference; explicitFileType = wrapper.cfbundle; includeInIndex = 0; path = "Catch KennyUITests.xctest"; sourceTree = BUILT_PRODUCTS_DIR; };
		D27FD3601F42516300550606 /* Catch_KennyUITests.swift */ = {isa = PBXFileReference; lastKnownFileType = sourcecode.swift; path = Catch_KennyUITests.swift; sourceTree = "<group>"; };
		D27FD3621F42516300550606 /* Info.plist */ = {isa = PBXFileReference; lastKnownFileType = text.plist.xml; path = Info.plist; sourceTree = "<group>"; };
		D27FD3701F4253CF00550606 /* kenny.png */ = {isa = PBXFileReference; lastKnownFileType = image.png; path = kenny.png; sourceTree = "<group>"; };
/* End PBXFileReference section */

/* Begin PBXFrameworksBuildPhase section */
		D27FD33A1F42516200550606 /* Frameworks */ = {
			isa = PBXFrameworksBuildPhase;
			buildActionMask = 2147483647;
			files = (
			);
			runOnlyForDeploymentPostprocessing = 0;
		};
		D27FD34E1F42516300550606 /* Frameworks */ = {
			isa = PBXFrameworksBuildPhase;
			buildActionMask = 2147483647;
			files = (
			);
			runOnlyForDeploymentPostprocessing = 0;
		};
		D27FD3591F42516300550606 /* Frameworks */ = {
			isa = PBXFrameworksBuildPhase;
			buildActionMask = 2147483647;
			files = (
			);
			runOnlyForDeploymentPostprocessing = 0;
		};
/* End PBXFrameworksBuildPhase section */

/* Begin PBXGroup section */
		D27FD3341F42516200550606 = {
			isa = PBXGroup;
			children = (
				D27FD33F1F42516200550606 /* Catch Kenny */,
				D27FD3541F42516300550606 /* Catch KennyTests */,
				D27FD35F1F42516300550606 /* Catch KennyUITests */,
				D27FD33E1F42516200550606 /* Products */,
			);
			sourceTree = "<group>";
		};
		D27FD33E1F42516200550606 /* Products */ = {
			isa = PBXGroup;
			children = (
				D27FD33D1F42516200550606 /* Catch Kenny.app */,
				D27FD3511F42516300550606 /* Catch KennyTests.xctest */,
				D27FD35C1F42516300550606 /* Catch KennyUITests.xctest */,
			);
			name = Products;
			sourceTree = "<group>";
		};
		D27FD33F1F42516200550606 /* Catch Kenny */ = {
			isa = PBXGroup;
			children = (
				D27FD3701F4253CF00550606 /* kenny.png */,
				D27FD3401F42516200550606 /* AppDelegate.swift */,
				D27FD3421F42516200550606 /* ViewController.swift */,
				D27FD3441F42516200550606 /* Main.storyboard */,
				D27FD3471F42516300550606 /* Assets.xcassets */,
				D27FD3491F42516300550606 /* LaunchScreen.storyboard */,
				D27FD34C1F42516300550606 /* Info.plist */,
			);
			path = "Catch Kenny";
			sourceTree = "<group>";
		};
		D27FD3541F42516300550606 /* Catch KennyTests */ = {
			isa = PBXGroup;
			children = (
				D27FD3551F42516300550606 /* Catch_KennyTests.swift */,
				D27FD3571F42516300550606 /* Info.plist */,
			);
			path = "Catch KennyTests";
			sourceTree = "<group>";
		};
		D27FD35F1F42516300550606 /* Catch KennyUITests */ = {
			isa = PBXGroup;
			children = (
				D27FD3601F42516300550606 /* Catch_KennyUITests.swift */,
				D27FD3621F42516300550606 /* Info.plist */,
			);
			path = "Catch KennyUITests";
			sourceTree = "<group>";
		};
/* End PBXGroup section */

/* Begin PBXNativeTarget section */
		D27FD33C1F42516200550606 /* Catch Kenny */ = {
			isa = PBXNativeTarget;
			buildConfigurationList = D27FD3651F42516300550606 /* Build configuration list for PBXNativeTarget "Catch Kenny" */;
			buildPhases = (
				D27FD3391F42516200550606 /* Sources */,
				D27FD33A1F42516200550606 /* Frameworks */,
				D27FD33B1F42516200550606 /* Resources */,
			);
			buildRules = (
			);
			dependencies = (
			);
			name = "Catch Kenny";
			productName = "Catch Kenny";
			productReference = D27FD33D1F42516200550606 /* Catch Kenny.app */;
			productType = "com.apple.product-type.application";
		};
		D27FD3501F42516300550606 /* Catch KennyTests */ = {
			isa = PBXNativeTarget;
			buildConfigurationList = D27FD3681F42516300550606 /* Build configuration list for PBXNativeTarget "Catch KennyTests" */;
			buildPhases = (
				D27FD34D1F42516300550606 /* Sources */,
				D27FD34E1F42516300550606 /* Frameworks */,
				D27FD34F1F42516300550606 /* Resources */,
			);
			buildRules = (
			);
			dependencies = (
				D27FD3531F42516300550606 /* PBXTargetDependency */,
			);
			name = "Catch KennyTests";
			productName = "Catch KennyTests";
			productReference = D27FD3511F42516300550606 /* Catch KennyTests.xctest */;
			productType = "com.apple.product-type.bundle.unit-test";
		};
		D27FD35B1F42516300550606 /* Catch KennyUITests */ = {
			isa = PBXNativeTarget;
			buildConfigurationList = D27FD36B1F42516300550606 /* Build configuration list for PBXNativeTarget "Catch KennyUITests" */;
			buildPhases = (
				D27FD3581F42516300550606 /* Sources */,
				D27FD3591F42516300550606 /* Frameworks */,
				D27FD35A1F42516300550606 /* Resources */,
			);
			buildRules = (
			);
			dependencies = (
				D27FD35E1F42516300550606 /* PBXTargetDependency */,
			);
			name = "Catch KennyUITests";
			productName = "Catch KennyUITests";
			productReference = D27FD35C1F42516300550606 /* Catch KennyUITests.xctest */;
			productType = "com.apple.product-type.bundle.ui-testing";
		};
/* End PBXNativeTarget section */

/* Begin PBXProject section */
		D27FD3351F42516200550606 /* Project object */ = {
			isa = PBXProject;
			attributes = {
				LastSwiftUpdateCheck = 0830;
				LastUpgradeCheck = 0830;
				ORGANIZATIONNAME = "Kornet Project";
				TargetAttributes = {
					D27FD33C1F42516200550606 = {
						CreatedOnToolsVersion = 8.3.3;
						DevelopmentTeam = ZNSBEU9P8A;
						ProvisioningStyle = Automatic;
					};
					D27FD3501F42516300550606 = {
						CreatedOnToolsVersion = 8.3.3;
						DevelopmentTeam = ZNSBEU9P8A;
						ProvisioningStyle = Automatic;
						TestTargetID = D27FD33C1F42516200550606;
					};
					D27FD35B1F42516300550606 = {
						CreatedOnToolsVersion = 8.3.3;
						DevelopmentTeam = ZNSBEU9P8A;
						ProvisioningStyle = Automatic;
						TestTargetID = D27FD33C1F42516200550606;
					};
				};
			};
			buildConfigurationList = D27FD3381F42516200550606 /* Build configuration list for PBXProject "Catch Kenny" */;
			compatibilityVersion = "Xcode 3.2";
			developmentRegion = English;
			hasScannedForEncodings = 0;
			knownRegions = (
				en,
				Base,
			);
			mainGroup = D27FD3341F42516200550606;
			productRefGroup = D27FD33E1F42516200550606 /* Products */;
			projectDirPath = "";
			projectRoot = "";
			targets = (
				D27FD33C1F42516200550606 /* Catch Kenny */,
				D27FD3501F42516300550606 /* Catch KennyTests */,
				D27FD35B1F42516300550606 /* Catch KennyUITests */,
			);
		};
/* End PBXProject section */

/* Begin PBXResourcesBuildPhase section */
		D27FD33B1F42516200550606 /* Resources */ = {
			isa = PBXResourcesBuildPhase;
			buildActionMask = 2147483647;
			files = (
				D27FD34B1F42516300550606 /* LaunchScreen.storyboard in Resources */,
				D27FD3711F4253CF00550606 /* kenny.png in Resources */,
				D27FD3481F42516300550606 /* Assets.xcassets in Resources */,
				D27FD3461F42516200550606 /* Main.storyboard in Resources */,
			);
			runOnlyForDeploymentPostprocessing = 0;
		};
		D27FD34F1F42516300550606 /* Resources */ = {
			isa = PBXResourcesBuildPhase;
			buildActionMask = 2147483647;
			files = (
			);
			runOnlyForDeploymentPostprocessing = 0;
		};
		D27FD35A1F42516300550606 /* Resources */ = {
			isa = PBXResourcesBuildPhase;
			buildActionMask = 2147483647;
			files = (
			);
			runOnlyForDeploymentPostprocessing = 0;
		};
/* End PBXResourcesBuildPhase section */

/* Begin PBXSourcesBuildPhase section */
		D27FD3391F42516200550606 /* Sources */ = {
			isa = PBXSourcesBuildPhase;
			buildActionMask = 2147483647;
			files = (
				D27FD3431F42516200550606 /* ViewController.swift in Sources */,
				D27FD3411F42516200550606 /* AppDelegate.swift in Sources */,
			);
			runOnlyForDeploymentPostprocessing = 0;
		};
		D27FD34D1F42516300550606 /* Sources */ = {
			isa = PBXSourcesBuildPhase;
			buildActionMask = 2147483647;
			files = (
				D27FD3561F42516300550606 /* Catch_KennyTests.swift in Sources */,
			);
			runOnlyForDeploymentPostprocessing = 0;
		};
		D27FD3581F42516300550606 /* Sources */ = {
			isa = PBXSourcesBuildPhase;
			buildActionMask = 2147483647;
			files = (
				D27FD3611F42516300550606 /* Catch_KennyUITests.swift in Sources */,
			);
			runOnlyForDeploymentPostprocessing = 0;
		};
/* End PBXSourcesBuildPhase section */

/* Begin PBXTargetDependency section */
		D27FD3531F42516300550606 /* PBXTargetDependency */ = {
			isa = PBXTargetDependency;
			target = D27FD33C1F42516200550606 /* Catch Kenny */;
			targetProxy = D27FD3521F42516300550606 /* PBXContainerItemProxy */;
		};
		D27FD35E1F42516300550606 /* PBXTargetDependency */ = {
			isa = PBXTargetDependency;
			target = D27FD33C1F42516200550606 /* Catch Kenny */;
			targetProxy = D27FD35D1F42516300550606 /* PBXContainerItemProxy */;
		};
/* End PBXTargetDependency section */

/* Begin PBXVariantGroup section */
		D27FD3441F42516200550606 /* Main.storyboard */ = {
			isa = PBXVariantGroup;
			children = (
				D27FD3451F42516200550606 /* Base */,
			);
			name = Main.storyboard;
			sourceTree = "<group>";
		};
		D27FD3491F42516300550606 /* LaunchScreen.storyboard */ = {
			isa = PBXVariantGroup;
			children = (
				D27FD34A1F42516300550606 /* Base */,
			);
			name = LaunchScreen.storyboard;
			sourceTree = "<group>";
		};
/* End PBXVariantGroup section */

/* Begin XCBuildConfiguration section */
		D27FD3631F42516300550606 /* Debug */ = {
			isa = XCBuildConfiguration;
			buildSettings = {
				ALWAYS_SEARCH_USER_PATHS = NO;
				CLANG_ANALYZER_NONNULL = YES;
				CLANG_ANALYZER_NUMBER_OBJECT_CONVERSION = YES_AGGRESSIVE;
				CLANG_CXX_LANGUAGE_STANDARD = "gnu++0x";
				CLANG_CXX_LIBRARY = "libc++";
				CLANG_ENABLE_MODULES = YES;
				CLANG_ENABLE_OBJC_ARC = YES;
				CLANG_WARN_BOOL_CONVERSION = YES;
				CLANG_WARN_CONSTANT_CONVERSION = YES;
				CLANG_WARN_DIRECT_OBJC_ISA_USAGE = YES_ERROR;
				CLANG_WARN_DOCUMENTATION_COMMENTS = YES;
				CLANG_WARN_EMPTY_BODY = YES;
				CLANG_WARN_ENUM_CONVERSION = YES;
				CLANG_WARN_INFINITE_RECURSION = YES;
				CLANG_WARN_INT_CONVERSION = YES;
				CLANG_WARN_OBJC_ROOT_CLASS = YES_ERROR;
				CLANG_WARN_SUSPICIOUS_MOVE = YES;
				CLANG_WARN_UNREACHABLE_CODE = YES;
				CLANG_WARN__DUPLICATE_METHOD_MATCH = YES;
				"CODE_SIGN_IDENTITY[sdk=iphoneos*]" = "iPhone Developer";
				COPY_PHASE_STRIP = NO;
				DEBUG_INFORMATION_FORMAT = dwarf;
				ENABLE_STRICT_OBJC_MSGSEND = YES;
				ENABLE_TESTABILITY = YES;
				GCC_C_LANGUAGE_STANDARD = gnu99;
				GCC_DYNAMIC_NO_PIC = NO;
				GCC_NO_COMMON_BLOCKS = YES;
				GCC_OPTIMIZATION_LEVEL = 0;
				GCC_PREPROCESSOR_DEFINITIONS = (
					"DEBUG=1",
					"$(inherited)",
				);
				GCC_WARN_64_TO_32_BIT_CONVERSION = YES;
				GCC_WARN_ABOUT_RETURN_TYPE = YES_ERROR;
				GCC_WARN_UNDECLARED_SELECTOR = YES;
				GCC_WARN_UNINITIALIZED_AUTOS = YES_AGGRESSIVE;
				GCC_WARN_UNUSED_FUNCTION = YES;
				GCC_WARN_UNUSED_VARIABLE = YES;
				IPHONEOS_DEPLOYMENT_TARGET = 10.3;
				MTL_ENABLE_DEBUG_INFO = YES;
				ONLY_ACTIVE_ARCH = YES;
				SDKROOT = iphoneos;
				SWIFT_ACTIVE_COMPILATION_CONDITIONS = DEBUG;
				SWIFT_OPTIMIZATION_LEVEL = "-Onone";
				TARGETED_DEVICE_FAMILY = "1,2";
			};
			name = Debug;
		};
		D27FD3641F42516300550606 /* Release */ = {
			isa = XCBuildConfiguration;
			buildSettings = {
				ALWAYS_SEARCH_USER_PATHS = NO;
				CLANG_ANALYZER_NONNULL = YES;
				CLANG_ANALYZER_NUMBER_OBJECT_CONVERSION = YES_AGGRESSIVE;
				CLANG_CXX_LANGUAGE_STANDARD = "gnu++0x";
				CLANG_CXX_LIBRARY = "libc++";
				CLANG_ENABLE_MODULES = YES;
				CLANG_ENABLE_OBJC_ARC = YES;
				CLANG_WARN_BOOL_CONVERSION = YES;
				CLANG_WARN_CONSTANT_CONVERSION = YES;
				CLANG_WARN_DIRECT_OBJC_ISA_USAGE = YES_ERROR;
				CLANG_WARN_DOCUMENTATION_COMMENTS = YES;
				CLANG_WARN_EMPTY_BODY = YES;
				CLANG_WARN_ENUM_CONVERSION = YES;
				CLANG_WARN_INFINITE_RECURSION = YES;
				CLANG_WARN_INT_CONVERSION = YES;
				CLANG_WARN_OBJC_ROOT_CLASS = YES_ERROR;
				CLANG_WARN_SUSPICIOUS_MOVE = YES;
				CLANG_WARN_UNREACHABLE_CODE = YES;
				CLANG_WARN__DUPLICATE_METHOD_MATCH = YES;
				"CODE_SIGN_IDENTITY[sdk=iphoneos*]" = "iPhone Developer";
				COPY_PHASE_STRIP = NO;
				DEBUG_INFORMATION_FORMAT = "dwarf-with-dsym";
				ENABLE_NS_ASSERTIONS = NO;
				ENABLE_STRICT_OBJC_MSGSEND = YES;
				GCC_C_LANGUAGE_STANDARD = gnu99;
				GCC_NO_COMMON_BLOCKS = YES;
				GCC_WARN_64_TO_32_BIT_CONVERSION = YES;
				GCC_WARN_ABOUT_RETURN_TYPE = YES_ERROR;
				GCC_WARN_UNDECLARED_SELECTOR = YES;
				GCC_WARN_UNINITIALIZED_AUTOS = YES_AGGRESSIVE;
				GCC_WARN_UNUSED_FUNCTION = YES;
				GCC_WARN_UNUSED_VARIABLE = YES;
				IPHONEOS_DEPLOYMENT_TARGET = 10.3;
				MTL_ENABLE_DEBUG_INFO = NO;
				SDKROOT = iphoneos;
				SWIFT_OPTIMIZATION_LEVEL = "-Owholemodule";
				TARGETED_DEVICE_FAMILY = "1,2";
				VALIDATE_PRODUCT = YES;
			};
			name = Release;
		};
		D27FD3661F42516300550606 /* Debug */ = {
			isa = XCBuildConfiguration;
			buildSettings = {
				ASSETCATALOG_COMPILER_APPICON_NAME = AppIcon;
				DEVELOPMENT_TEAM = ZNSBEU9P8A;
				INFOPLIST_FILE = "Catch Kenny/Info.plist";
				LD_RUNPATH_SEARCH_PATHS = "$(inherited) @executable_path/Frameworks";
				PRODUCT_BUNDLE_IDENTIFIER = "com.kornet.Catch-Kenny";
				PRODUCT_NAME = "$(TARGET_NAME)";
				SWIFT_VERSION = 3.0;
			};
			name = Debug;
		};
		D27FD3671F42516300550606 /* Release */ = {
			isa = XCBuildConfiguration;
			buildSettings = {
				ASSETCATALOG_COMPILER_APPICON_NAME = AppIcon;
				DEVELOPMENT_TEAM = ZNSBEU9P8A;
				INFOPLIST_FILE = "Catch Kenny/Info.plist";
				LD_RUNPATH_SEARCH_PATHS = "$(inherited) @executable_path/Frameworks";
				PRODUCT_BUNDLE_IDENTIFIER = "com.kornet.Catch-Kenny";
				PRODUCT_NAME = "$(TARGET_NAME)";
				SWIFT_VERSION = 3.0;
			};
			name = Release;
		};
		D27FD3691F42516300550606 /* Debug */ = {
			isa = XCBuildConfiguration;
			buildSettings = {
				ALWAYS_EMBED_SWIFT_STANDARD_LIBRARIES = YES;
				BUNDLE_LOADER = "$(TEST_HOST)";
				DEVELOPMENT_TEAM = ZNSBEU9P8A;
				INFOPLIST_FILE = "Catch KennyTests/Info.plist";
				LD_RUNPATH_SEARCH_PATHS = "$(inherited) @executable_path/Frameworks @loader_path/Frameworks";
				PRODUCT_BUNDLE_IDENTIFIER = "com.kornet.Catch-KennyTests";
				PRODUCT_NAME = "$(TARGET_NAME)";
				SWIFT_VERSION = 3.0;
				TEST_HOST = "$(BUILT_PRODUCTS_DIR)/Catch Kenny.app/Catch Kenny";
			};
			name = Debug;
		};
		D27FD36A1F42516300550606 /* Release */ = {
			isa = XCBuildConfiguration;
			buildSettings = {
				ALWAYS_EMBED_SWIFT_STANDARD_LIBRARIES = YES;
				BUNDLE_LOADER = "$(TEST_HOST)";
				DEVELOPMENT_TEAM = ZNSBEU9P8A;
				INFOPLIST_FILE = "Catch KennyTests/Info.plist";
				LD_RUNPATH_SEARCH_PATHS = "$(inherited) @executable_path/Frameworks @loader_path/Frameworks";
				PRODUCT_BUNDLE_IDENTIFIER = "com.kornet.Catch-KennyTests";
				PRODUCT_NAME = "$(TARGET_NAME)";
				SWIFT_VERSION = 3.0;
				TEST_HOST = "$(BUILT_PRODUCTS_DIR)/Catch Kenny.app/Catch Kenny";
			};
			name = Release;
		};
		D27FD36C1F42516300550606 /* Debug */ = {
			isa = XCBuildConfiguration;
			buildSettings = {
				ALWAYS_EMBED_SWIFT_STANDARD_LIBRARIES = YES;
				DEVELOPMENT_TEAM = ZNSBEU9P8A;
				INFOPLIST_FILE = "Catch KennyUITests/Info.plist";
				LD_RUNPATH_SEARCH_PATHS = "$(inherited) @executable_path/Frameworks @loader_path/Frameworks";
				PRODUCT_BUNDLE_IDENTIFIER = "com.kornet.Catch-KennyUITests";
				PRODUCT_NAME = "$(TARGET_NAME)";
				SWIFT_VERSION = 3.0;
				TEST_TARGET_NAME = "Catch Kenny";
			};
			name = Debug;
		};
		D27FD36D1F42516300550606 /* Release */ = {
			isa = XCBuildConfiguration;
			buildSettings = {
				ALWAYS_EMBED_SWIFT_STANDARD_LIBRARIES = YES;
				DEVELOPMENT_TEAM = ZNSBEU9P8A;
				INFOPLIST_FILE = "Catch KennyUITests/Info.plist";
				LD_RUNPATH_SEARCH_PATHS = "$(inherited) @executable_path/Frameworks @loader_path/Frameworks";
				PRODUCT_BUNDLE_IDENTIFIER = "com.kornet.Catch-KennyUITests";
				PRODUCT_NAME = "$(TARGET_NAME)";
				SWIFT_VERSION = 3.0;
				TEST_TARGET_NAME = "Catch Kenny";
			};
			name = Release;
		};
/* End XCBuildConfiguration section */

/* Begin XCConfigurationList section */
		D27FD3381F42516200550606 /* Build configuration list for PBXProject "Catch Kenny" */ = {
			isa = XCConfigurationList;
			buildConfigurations = (
				D27FD3631F42516300550606 /* Debug */,
				D27FD3641F42516300550606 /* Release */,
			);
			defaultConfigurationIsVisible = 0;
			defaultConfigurationName = Release;
		};
		D27FD3651F42516300550606 /* Build configuration list for PBXNativeTarget "Catch Kenny" */ = {
			isa = XCConfigurationList;
			buildConfigurations = (
				D27FD3661F42516300550606 /* Debug */,
				D27FD3671F42516300550606 /* Release */,
			);
			defaultConfigurationIsVisible = 0;
		};
		D27FD3681F42516300550606 /* Build configuration list for PBXNativeTarget "Catch KennyTests" */ = {
			isa = XCConfigurationList;
			buildConfigurations = (
				D27FD3691F42516300550606 /* Debug */,
				D27FD36A1F42516300550606 /* Release */,
			);
			defaultConfigurationIsVisible = 0;
		};
		D27FD36B1F42516300550606 /* Build configuration list for PBXNativeTarget "Catch KennyUITests" */ = {
			isa = XCConfigurationList;
			buildConfigurations = (
				D27FD36C1F42516300550606 /* Debug */,
				D27FD36D1F42516300550606 /* Release */,
			);
			defaultConfigurationIsVisible = 0;
		};
/* End XCConfigurationList section */
	};
	rootObject = D27FD3351F42516200550606 /* Project object */;
}
